{
  "name": "server",
  "version": "0.0.0",
  "lockfileVersion": 1,
  "requires": true,
  "dependencies": {
    "body-parser": {
      "version": "1.18.3",
      "resolved": "http://registry.npm.taobao.org/body-parser/download/body-parser-1.18.3.tgz",
      "requires": {
        "debug": "2.6.9",
        "http-errors": "~1.6.3"
      },
      "dependencies": {
        "bytes": {
          "version": "http://registry.npm.taobao.org/bytes/download/bytes-3.0.0.tgz",
          "bundled": true
        },
        "content-type": {
          "version": "http://registry.npm.taobao.org/content-type/download/content-type-1.0.4.tgz",
          "bundled": true
        },
        "debug": {
          "version": "http://registry.npm.taobao.org/debug/download/debug-2.6.9.tgz",
          "bundled": true
        },
        "depd": {
          "version": "http://registry.npm.taobao.org/depd/download/depd-1.1.2.tgz",
          "bundled": true
        },
        "http-errors": {
          "version": "http://registry.npm.taobao.org/http-errors/download/http-errors-1.6.3.tgz",
          "bundled": true,
          "dependencies": {
            "depd": {
              "version": "http://registry.npm.taobao.org/depd/download/depd-1.1.2.tgz",
              "bundled": true
            },
            "inherits": {
              "version": "http://registry.npm.taobao.org/inherits/download/inherits-2.0.3.tgz",
              "bundled": true
            },
            "setprototypeof": {
              "version": "http://registry.npm.taobao.org/setprototypeof/download/setprototypeof-1.1.0.tgz",
              "bundled": true
            },
            "statuses": {
              "version": "http://registry.npm.taobao.org/statuses/download/statuses-1.5.0.tgz",
              "bundled": true
            }
          }
        },
        "iconv-lite": {
          "version": "http://registry.npm.taobao.org/iconv-lite/download/iconv-lite-0.4.23.tgz",
          "bundled": true,
          "dependencies": {
            "safer-buffer": {
              "version": "http://registry.npm.taobao.org/safer-buffer/download/safer-buffer-2.1.2.tgz",
              "bundled": true
            }
          }
        },
        "on-finished": {
          "version": "http://registry.npm.taobao.org/on-finished/download/on-finished-2.3.0.tgz",
          "bundled": true,
          "dependencies": {
            "ee-first": {
              "version": "http://registry.npm.taobao.org/ee-first/download/ee-first-1.1.1.tgz",
              "bundled": true
            }
          }
        },
        "qs": {
          "version": "http://registry.npm.taobao.org/qs/download/qs-6.5.2.tgz",
          "bundled": true
        },
        "raw-body": {
          "version": "http://registry.npm.taobao.org/raw-body/download/raw-body-2.3.3.tgz",
          "bundled": true,
          "dependencies": {
            "bytes": {
              "version": "http://registry.npm.taobao.org/bytes/download/bytes-3.0.0.tgz",
              "bundled": true
            },
            "http-errors": {
              "version": "http://registry.npm.taobao.org/http-errors/download/http-errors-1.6.3.tgz",
              "bundled": true,
              "dependencies": {
                "depd": {
                  "version": "http://registry.npm.taobao.org/depd/download/depd-1.1.2.tgz",
                  "bundled": true
                },
                "inherits": {
                  "version": "http://registry.npm.taobao.org/inherits/download/inherits-2.0.3.tgz",
                  "bundled": true
                },
                "setprototypeof": {
                  "version": "http://registry.npm.taobao.org/setprototypeof/download/setprototypeof-1.1.0.tgz",
                  "bundled": true
                },
                "statuses": {
                  "version": "http://registry.npm.taobao.org/statuses/download/statuses-1.5.0.tgz",
                  "bundled": true
                }
              }
            },
            "iconv-lite": {
              "version": "http://registry.npm.taobao.org/iconv-lite/download/iconv-lite-0.4.23.tgz",
              "bundled": true,
              "dependencies": {
                "safer-buffer": {
                  "version": "http://registry.npm.taobao.org/safer-buffer/download/safer-buffer-2.1.2.tgz",
                  "bundled": true
                }
              }
            },
            "unpipe": {
              "version": "http://registry.npm.taobao.org/unpipe/download/unpipe-1.0.0.tgz",
              "bundled": true
            }
          }
        },
        "type-is": {
          "version": "http://registry.npm.taobao.org/type-is/download/type-is-1.6.16.tgz",
          "bundled": true,
          "dependencies": {
            "media-typer": {
              "version": "http://registry.npm.taobao.org/media-typer/download/media-typer-0.3.0.tgz",
              "bundled": true
            },
            "mime-types": {
              "version": "http://registry.npm.taobao.org/mime-types/download/mime-types-2.1.21.tgz",
              "bundled": true,
              "dependencies": {
                "mime-db": {
                  "version": "http://registry.npm.taobao.org/mime-db/download/mime-db-1.37.0.tgz",
                  "bundled": true
                }
              }
            }
          }
        }
      }
    },
    "cookie-parser": {
      "version": "1.4.3",
      "resolved": "http://registry.npm.taobao.org/cookie-parser/download/cookie-parser-1.4.3.tgz",
      "requires": {
        "cookie": "0.3.1",
        "cookie-signature": "1.0.6"
      },
      "dependencies": {
        "cookie": {
          "version": "0.3.1",
          "bundled": true
        },
        "cookie-signature": {
          "version": "1.0.6",
          "bundled": true
        }
      }
    },
    "cors": {
      "version": "2.8.5",
      "resolved": "https://registry.npmjs.org/cors/-/cors-2.8.5.tgz",
      "integrity": "sha512-KIHbLJqu73RGr/hnbrO9uBeixNGuvSQjul/jdFvS/KFSIH1hWVd1ng7zOHx+YrEfInLG7q4n6GHQ9cDtxv/P6g==",
      "requires": {
        "object-assign": "^4",
        "vary": "^1"
      },
      "dependencies": {
        "object-assign": {
          "version": "4.1.1",
          "resolved": "https://registry.npmjs.org/object-assign/-/object-assign-4.1.1.tgz",
          "integrity": "sha1-IQmtx5ZYh8/AXLvUQsrIv7s2CGM="
        }
      }
    },
    "debug": {
      "version": "2.6.9",
      "resolved": "http://registry.npm.taobao.org/debug/download/debug-2.6.9.tgz",
      "requires": {
        "ms": "2.0.0"
      },
      "dependencies": {
        "ms": {
          "version": "2.0.0",
          "resolved": "http://registry.npm.taobao.org/ms/download/ms-2.0.0.tgz"
        }
      }
    },
    "express": {
      "version": "4.16.4",
      "resolved": "http://registry.npm.taobao.org/express/download/express-4.16.4.tgz",
      "requires": {
        "accepts": "~1.3.5",
        "array-flatten": "1.1.1",
        "body-parser": "1.18.3",
        "content-disposition": "0.5.2",
        "content-type": "~1.0.4",
        "cookie": "0.3.1",
        "cookie-signature": "1.0.6",
        "debug": "2.6.9",
        "depd": "~1.1.2",
        "encodeurl": "~1.0.2",
        "escape-html": "~1.0.3",
        "etag": "~1.8.1",
        "finalhandler": "1.1.1",
        "fresh": "0.5.2",
        "merge-descriptors": "1.0.1",
        "methods": "~1.1.2",
        "on-finished": "~2.3.0",
        "parseurl": "~1.3.2",
        "path-to-regexp": "0.1.7",
        "proxy-addr": "~2.0.4",
        "qs": "6.5.2",
        "range-parser": "~1.2.0",
        "safe-buffer": "5.1.2",
        "send": "0.16.2",
        "serve-static": "1.13.2",
        "setprototypeof": "1.1.0",
        "statuses": "~1.4.0",
        "type-is": "~1.6.16",
        "utils-merge": "1.0.1",
        "vary": "~1.1.2"
      },
      "dependencies": {
        "accepts": {
          "version": "1.3.5",
          "bundled": true,
          "dependencies": {
            "mime-types": {
              "version": "http://registry.npm.taobao.org/mime-types/download/mime-types-2.1.21.tgz",
              "bundled": true,
              "dependencies": {
                "mime-db": {
                  "version": "http://registry.npm.taobao.org/mime-db/download/mime-db-1.37.0.tgz",
                  "bundled": true
                }
              }
            },
            "negotiator": {
              "version": "http://registry.npm.taobao.org/negotiator/download/negotiator-0.6.1.tgz",
              "bundled": true
            }
          }
        },
        "array-flatten": {
          "version": "1.1.1",
          "bundled": true
        },
        "body-parser": {
          "version": "1.18.3",
          "bundled": true,
          "dependencies": {
            "bytes": {
              "version": "http://registry.npm.taobao.org/bytes/download/bytes-3.0.0.tgz",
              "bundled": true
            },
            "content-type": {
              "version": "http://registry.npm.taobao.org/content-type/download/content-type-1.0.4.tgz",
              "bundled": true
            },
            "debug": {
              "version": "http://registry.npm.taobao.org/debug/download/debug-2.6.9.tgz",
              "bundled": true
            },
            "depd": {
              "version": "http://registry.npm.taobao.org/depd/download/depd-1.1.2.tgz",
              "bundled": true
            },
            "http-errors": {
              "version": "http://registry.npm.taobao.org/http-errors/download/http-errors-1.6.3.tgz",
              "bundled": true,
              "dependencies": {}
            },
            "iconv-lite": {
              "version": "http://registry.npm.taobao.org/iconv-lite/download/iconv-lite-0.4.23.tgz",
              "bundled": true,
              "dependencies": {}
            },
            "on-finished": {
              "version": "http://registry.npm.taobao.org/on-finished/download/on-finished-2.3.0.tgz",
              "bundled": true,
              "dependencies": {}
            },
            "qs": {
              "version": "http://registry.npm.taobao.org/qs/download/qs-6.5.2.tgz",
              "bundled": true
            },
            "raw-body": {
              "version": "http://registry.npm.taobao.org/raw-body/download/raw-body-2.3.3.tgz",
              "bundled": true,
              "dependencies": {}
            },
            "type-is": {
              "version": "http://registry.npm.taobao.org/type-is/download/type-is-1.6.16.tgz",
              "bundled": true,
              "dependencies": {}
            }
          }
        },
        "content-disposition": {
          "version": "0.5.2",
          "bundled": true
        },
        "content-type": {
          "version": "1.0.4",
          "bundled": true
        },
        "cookie": {
          "version": "0.3.1",
          "bundled": true
        },
        "cookie-signature": {
          "version": "1.0.6",
          "bundled": true
        },
        "debug": {
          "version": "2.6.9",
          "bundled": true,
          "dependencies": {
            "ms": {
              "version": "http://registry.npm.taobao.org/ms/download/ms-2.0.0.tgz",
              "bundled": true
            }
          }
        },
        "depd": {
          "version": "1.1.2",
          "bundled": true
        },
        "encodeurl": {
          "version": "1.0.2",
          "bundled": true
        },
        "escape-html": {
          "version": "1.0.3",
          "bundled": true
        },
        "etag": {
          "version": "1.8.1",
          "bundled": true
        },
        "finalhandler": {
          "version": "1.1.1",
          "bundled": true,
          "dependencies": {
            "debug": {
              "version": "http://registry.npm.taobao.org/debug/download/debug-2.6.9.tgz",
              "bundled": true,
              "dependencies": {
                "ms": {
                  "version": "http://registry.npm.taobao.org/ms/download/ms-2.0.0.tgz",
                  "bundled": true
                }
              }
            },
            "encodeurl": {
              "version": "http://registry.npm.taobao.org/encodeurl/download/encodeurl-1.0.2.tgz",
              "bundled": true
            },
            "escape-html": {
              "version": "http://registry.npm.taobao.org/escape-html/download/escape-html-1.0.3.tgz",
              "bundled": true
            },
            "on-finished": {
              "version": "http://registry.npm.taobao.org/on-finished/download/on-finished-2.3.0.tgz",
              "bundled": true,
              "dependencies": {
                "ee-first": {
                  "version": "http://registry.npm.taobao.org/ee-first/download/ee-first-1.1.1.tgz",
                  "bundled": true
                }
              }
            },
            "parseurl": {
              "version": "http://registry.npm.taobao.org/parseurl/download/parseurl-1.3.2.tgz",
              "bundled": true
            },
            "statuses": {
              "version": "http://registry.npm.taobao.org/statuses/download/statuses-1.4.0.tgz",
              "bundled": true
            },
            "unpipe": {
              "version": "http://registry.npm.taobao.org/unpipe/download/unpipe-1.0.0.tgz",
              "bundled": true
            }
          }
        },
        "fresh": {
          "version": "0.5.2",
          "bundled": true
        },
        "merge-descriptors": {
          "version": "1.0.1",
          "bundled": true
        },
        "methods": {
          "version": "1.1.2",
          "bundled": true
        },
        "on-finished": {
          "version": "2.3.0",
          "bundled": true,
          "dependencies": {
            "ee-first": {
              "version": "http://registry.npm.taobao.org/ee-first/download/ee-first-1.1.1.tgz",
              "bundled": true
            }
          }
        },
        "parseurl": {
          "version": "1.3.2",
          "bundled": true
        },
        "path-to-regexp": {
          "version": "0.1.7",
          "bundled": true
        },
        "proxy-addr": {
          "version": "2.0.4",
          "bundled": true
        },
        "qs": {
          "version": "6.5.2",
          "bundled": true
        },
        "range-parser": {
          "version": "1.2.0",
          "bundled": true
        },
        "safe-buffer": {
          "version": "5.1.2",
          "bundled": true
        },
        "send": {
          "version": "0.16.2",
          "bundled": true
        },
        "serve-static": {
          "version": "1.13.2",
          "bundled": true,
          "dependencies": {
            "encodeurl": {
              "version": "http://registry.npm.taobao.org/encodeurl/download/encodeurl-1.0.2.tgz",
              "bundled": true
            },
            "escape-html": {
              "version": "http://registry.npm.taobao.org/escape-html/download/escape-html-1.0.3.tgz",
              "bundled": true
            },
            "parseurl": {
              "version": "http://registry.npm.taobao.org/parseurl/download/parseurl-1.3.2.tgz",
              "bundled": true
            },
            "send": {
              "version": "http://registry.npm.taobao.org/send/download/send-0.16.2.tgz",
              "bundled": true,
              "dependencies": {
                "debug": {
                  "version": "http://registry.npm.taobao.org/debug/download/debug-2.6.9.tgz",
                  "bundled": true,
                  "dependencies": {
                    "ms": {
                      "version": "http://registry.npm.taobao.org/ms/download/ms-2.0.0.tgz",
                      "bundled": true
                    }
                  }
                },
                "depd": {
                  "version": "http://registry.npm.taobao.org/depd/download/depd-1.1.2.tgz",
                  "bundled": true
                },
                "destroy": {
                  "version": "http://registry.npm.taobao.org/destroy/download/destroy-1.0.4.tgz",
                  "bundled": true
                },
                "encodeurl": {
                  "version": "http://registry.npm.taobao.org/encodeurl/download/encodeurl-1.0.2.tgz",
                  "bundled": true
                },
                "escape-html": {
                  "version": "http://registry.npm.taobao.org/escape-html/download/escape-html-1.0.3.tgz",
                  "bundled": true
                },
                "etag": {
                  "version": "http://registry.npm.taobao.org/etag/download/etag-1.8.1.tgz",
                  "bundled": true
                },
                "fresh": {
                  "version": "http://registry.npm.taobao.org/fresh/download/fresh-0.5.2.tgz",
                  "bundled": true
                },
                "http-errors": {
                  "version": "http://registry.npm.taobao.org/http-errors/download/http-errors-1.6.3.tgz",
                  "bundled": true,
                  "dependencies": {
                    "depd": {
                      "version": "http://registry.npm.taobao.org/depd/download/depd-1.1.2.tgz",
                      "bundled": true
                    },
                    "inherits": {
                      "version": "http://registry.npm.taobao.org/inherits/download/inherits-2.0.3.tgz",
                      "bundled": true
                    },
                    "setprototypeof": {
                      "version": "http://registry.npm.taobao.org/setprototypeof/download/setprototypeof-1.1.0.tgz",
                      "bundled": true
                    },
                    "statuses": {
                      "version": "http://registry.npm.taobao.org/statuses/download/statuses-1.5.0.tgz",
                      "bundled": true
                    }
                  }
                },
                "mime": {
                  "version": "http://registry.npm.taobao.org/mime/download/mime-1.4.1.tgz",
                  "bundled": true
                },
                "ms": {
                  "version": "http://registry.npm.taobao.org/ms/download/ms-2.0.0.tgz",
                  "bundled": true
                },
                "on-finished": {
                  "version": "http://registry.npm.taobao.org/on-finished/download/on-finished-2.3.0.tgz",
                  "bundled": true,
                  "dependencies": {
                    "ee-first": {
                      "version": "http://registry.npm.taobao.org/ee-first/download/ee-first-1.1.1.tgz",
                      "bundled": true
                    }
                  }
                },
                "range-parser": {
                  "version": "http://registry.npm.taobao.org/range-parser/download/range-parser-1.2.0.tgz",
                  "bundled": true
                },
                "statuses": {
                  "version": "http://registry.npm.taobao.org/statuses/download/statuses-1.4.0.tgz",
                  "bundled": true
                }
              }
            }
          }
        },
        "setprototypeof": {
          "version": "1.1.0",
          "bundled": true
        },
        "statuses": {
          "version": "1.4.0",
          "bundled": true
        },
        "type-is": {
          "version": "1.6.16",
          "bundled": true
        },
        "utils-merge": {
          "version": "1.0.1",
          "bundled": true
        },
        "vary": {
          "version": "1.1.2",
          "bundled": true
        }
      }
    },
    "http-errors": {
      "version": "1.6.3",
      "resolved": "http://registry.npm.taobao.org/http-errors/download/http-errors-1.6.3.tgz",
      "dependencies": {
        "depd": {
          "version": "http://registry.npm.taobao.org/depd/download/depd-1.1.2.tgz",
          "bundled": true
        },
        "inherits": {
          "version": "http://registry.npm.taobao.org/inherits/download/inherits-2.0.3.tgz",
          "bundled": true
        },
        "setprototypeof": {
          "version": "http://registry.npm.taobao.org/setprototypeof/download/setprototypeof-1.1.0.tgz",
          "bundled": true
        },
        "statuses": {
          "version": "http://registry.npm.taobao.org/statuses/download/statuses-1.5.0.tgz",
          "bundled": true
        }
      }
    },
    "jade": {
      "version": "1.11.0",
      "resolved": "http://registry.npm.taobao.org/jade/download/jade-1.11.0.tgz",
      "requires": {
        "character-parser": "1.2.1",
        "clean-css": "^3.1.9",
        "commander": "~2.6.0",
        "constantinople": "~3.0.1",
        "jstransformer": "0.0.2",
        "mkdirp": "~0.5.0",
        "transformers": "2.1.0",
        "uglify-js": "^2.4.19",
        "void-elements": "~2.0.1",
        "with": "~4.0.0"
      },
      "dependencies": {
        "character-parser": {
          "version": "1.2.1",
          "resolved": "http://registry.npm.taobao.org/character-parser/download/character-parser-1.2.1.tgz"
        },
        "clean-css": {
          "version": "3.4.28",
          "resolved": "http://registry.npm.taobao.org/clean-css/download/clean-css-3.4.28.tgz"
        },
        "commander": {
          "version": "2.6.0",
          "resolved": "http://registry.npm.taobao.org/commander/download/commander-2.6.0.tgz"
        },
        "constantinople": {
          "version": "3.0.2",
          "resolved": "http://registry.npm.taobao.org/constantinople/download/constantinople-3.0.2.tgz",
          "dependencies": {
            "acorn": {
              "version": "http://registry.npm.taobao.org/acorn/download/acorn-2.7.0.tgz",
              "bundled": true
            }
          }
        },
        "jstransformer": {
          "version": "0.0.2",
          "resolved": "http://registry.npm.taobao.org/jstransformer/download/jstransformer-0.0.2.tgz",
          "dependencies": {
            "is-promise": {
              "version": "http://registry.npm.taobao.org/is-promise/download/is-promise-2.1.0.tgz",
              "bundled": true
            },
            "promise": {
              "version": "http://registry.npm.taobao.org/promise/download/promise-6.1.0.tgz",
              "bundled": true
            }
          }
        },
        "mkdirp": {
          "version": "0.5.1",
          "resolved": "http://registry.npm.taobao.org/mkdirp/download/mkdirp-0.5.1.tgz",
          "dependencies": {
            "minimist": {
              "version": "http://registry.npm.taobao.org/minimist/download/minimist-0.0.8.tgz",
              "bundled": true
            }
          }
        },
        "transformers": {
          "version": "2.1.0",
          "resolved": "http://registry.npm.taobao.org/transformers/download/transformers-2.1.0.tgz",
          "dependencies": {
            "css": {
              "version": "http://registry.npm.taobao.org/css/download/css-1.0.8.tgz",
              "bundled": true
            },
            "promise": {
              "version": "http://registry.npm.taobao.org/promise/download/promise-2.0.0.tgz",
              "bundled": true,
              "dependencies": {
                "is-promise": {
                  "version": "http://registry.npm.taobao.org/is-promise/download/is-promise-1.0.1.tgz",
                  "bundled": true
                }
              }
            },
            "uglify-js": {
              "version": "http://registry.npm.taobao.org/uglify-js/download/uglify-js-2.2.5.tgz",
              "bundled": true
            }
          }
        },
        "uglify-js": {
          "version": "2.8.29",
          "resolved": "http://registry.npm.taobao.org/uglify-js/download/uglify-js-2.8.29.tgz",
          "dependencies": {
            "source-map": {
              "version": "http://registry.npm.taobao.org/source-map/download/source-map-0.5.7.tgz",
              "bundled": true
            },
            "uglify-to-browserify": {
              "version": "http://registry.npm.taobao.org/uglify-to-browserify/download/uglify-to-browserify-1.0.2.tgz",
              "bundled": true
            },
            "yargs": {
              "version": "http://registry.npm.taobao.org/yargs/download/yargs-3.10.0.tgz",
              "bundled": true
            }
          }
        },
        "void-elements": {
          "version": "2.0.1",
          "resolved": "http://registry.npm.taobao.org/void-elements/download/void-elements-2.0.1.tgz"
        },
        "with": {
          "version": "4.0.3",
          "resolved": "http://registry.npm.taobao.org/with/download/with-4.0.3.tgz",
          "dependencies": {
            "acorn": {
              "version": "http://registry.npm.taobao.org/acorn/download/acorn-1.2.2.tgz",
              "bundled": true
            },
            "acorn-globals": {
              "version": "http://registry.npm.taobao.org/acorn-globals/download/acorn-globals-1.0.9.tgz",
              "bundled": true,
              "dependencies": {
                "acorn": {
                  "version": "http://registry.npm.taobao.org/acorn/download/acorn-2.7.0.tgz",
                  "bundled": true
                }
              }
            }
          }
        }
      }
    },
    "morgan": {
      "version": "1.9.1",
      "resolved": "http://registry.npm.taobao.org/morgan/download/morgan-1.9.1.tgz",
      "requires": {
        "basic-auth": "~2.0.0",
        "debug": "2.6.9",
        "depd": "~1.1.2",
        "on-finished": "~2.3.0",
        "on-headers": "~1.0.1"
      },
      "dependencies": {
        "basic-auth": {
          "version": "2.0.1",
          "resolved": "http://registry.npm.taobao.org/basic-auth/download/basic-auth-2.0.1.tgz",
          "dependencies": {
            "safe-buffer": {
              "version": "http://registry.npm.taobao.org/safe-buffer/download/safe-buffer-5.1.2.tgz",
              "bundled": true
            }
          }
        },
        "debug": {
          "version": "2.6.9",
          "resolved": "http://registry.npm.taobao.org/debug/download/debug-2.6.9.tgz",
          "dependencies": {
            "ms": {
              "version": "http://registry.npm.taobao.org/ms/download/ms-2.0.0.tgz",
              "bundled": true
            }
          }
        },
        "depd": {
          "version": "1.1.2",
          "resolved": "http://registry.npm.taobao.org/depd/download/depd-1.1.2.tgz"
        },
        "on-finished": {
          "version": "2.3.0",
          "resolved": "http://registry.npm.taobao.org/on-finished/download/on-finished-2.3.0.tgz",
          "dependencies": {
            "ee-first": {
              "version": "http://registry.npm.taobao.org/ee-first/download/ee-first-1.1.1.tgz",
              "bundled": true
            }
          }
        },
        "on-headers": {
          "version": "1.0.1",
          "resolved": "http://registry.npm.taobao.org/on-headers/download/on-headers-1.0.1.tgz"
        }
      }
    },
    "vary": {
      "version": "1.1.2",
      "resolved": "http://registry.npm.taobao.org/vary/download/vary-1.1.2.tgz"
    }
  }
}
